// !$*UTF8*$!
{
	archiveVersion = 1;
	classes = {
	};
	objectVersion = 56;
	objects = {

/* Begin PBXBuildFile section */
		EBF52D212A1DDB03000C0CFD /* AppDelegate.swift in Sources */ = {isa = PBXBuildFile; fileRef = EBF52D202A1DDB03000C0CFD /* AppDelegate.swift */; };
		EBF52D232A1DDB03000C0CFD /* SceneDelegate.swift in Sources */ = {isa = PBXBuildFile; fileRef = EBF52D222A1DDB03000C0CFD /* SceneDelegate.swift */; };
		EBF52D252A1DDB03000C0CFD /* ViewController.swift in Sources */ = {isa = PBXBuildFile; fileRef = EBF52D242A1DDB03000C0CFD /* ViewController.swift */; };
		EBF52D282A1DDB03000C0CFD /* Main.storyboard in Resources */ = {isa = PBXBuildFile; fileRef = EBF52D262A1DDB03000C0CFD /* Main.storyboard */; };
		EBF52D2A2A1DDB04000C0CFD /* Assets.xcassets in Resources */ = {isa = PBXBuildFile; fileRef = EBF52D292A1DDB04000C0CFD /* Assets.xcassets */; };
		EBF52D2D2A1DDB04000C0CFD /* LaunchScreen.storyboard in Resources */ = {isa = PBXBuildFile; fileRef = EBF52D2B2A1DDB04000C0CFD /* LaunchScreen.storyboard */; };
		EBF52D382A1DDB04000C0CFD /* LoginAppTests.swift in Sources */ = {isa = PBXBuildFile; fileRef = EBF52D372A1DDB04000C0CFD /* LoginAppTests.swift */; };
		EBF52D422A1DDB04000C0CFD /* LoginAppUITests.swift in Sources */ = {isa = PBXBuildFile; fileRef = EBF52D412A1DDB04000C0CFD /* LoginAppUITests.swift */; };
		EBF52D442A1DDB04000C0CFD /* LoginAppUITestsLaunchTests.swift in Sources */ = {isa = PBXBuildFile; fileRef = EBF52D432A1DDB04000C0CFD /* LoginAppUITestsLaunchTests.swift */; };
/* End PBXBuildFile section */

/* Begin PBXContainerItemProxy section */
		EBF52D342A1DDB04000C0CFD /* PBXContainerItemProxy */ = {
			isa = PBXContainerItemProxy;
			containerPortal = EBF52D152A1DDB03000C0CFD /* Project object */;
			proxyType = 1;
			remoteGlobalIDString = EBF52D1C2A1DDB03000C0CFD;
			remoteInfo = LoginApp;
		};
		EBF52D3E2A1DDB04000C0CFD /* PBXContainerItemProxy */ = {
			isa = PBXContainerItemProxy;
			containerPortal = EBF52D152A1DDB03000C0CFD /* Project object */;
			proxyType = 1;
			remoteGlobalIDString = EBF52D1C2A1DDB03000C0CFD;
			remoteInfo = LoginApp;
		};
/* End PBXContainerItemProxy section */

/* Begin PBXFileReference section */
		EBF52D1D2A1DDB03000C0CFD /* LoginApp.app */ = {isa = PBXFileReference; explicitFileType = wrapper.application; includeInIndex = 0; path = LoginApp.app; sourceTree = BUILT_PRODUCTS_DIR; };
		EBF52D202A1DDB03000C0CFD /* AppDelegate.swift */ = {isa = PBXFileReference; lastKnownFileType = sourcecode.swift; path = AppDelegate.swift; sourceTree = "<group>"; };
		EBF52D222A1DDB03000C0CFD /* SceneDelegate.swift */ = {isa = PBXFileReference; lastKnownFileType = sourcecode.swift; path = SceneDelegate.swift; sourceTree = "<group>"; };
		EBF52D242A1DDB03000C0CFD /* ViewController.swift */ = {isa = PBXFileReference; lastKnownFileType = sourcecode.swift; path = ViewController.swift; sourceTree = "<group>"; };
		EBF52D272A1DDB03000C0CFD /* Base */ = {isa = PBXFileReference; lastKnownFileType = file.storyboard; name = Base; path = Base.lproj/Main.storyboard; sourceTree = "<group>"; };
		EBF52D292A1DDB04000C0CFD /* Assets.xcassets */ = {isa = PBXFileReference; lastKnownFileType = folder.assetcatalog; path = Assets.xcassets; sourceTree = "<group>"; };
		EBF52D2C2A1DDB04000C0CFD /* Base */ = {isa = PBXFileReference; lastKnownFileType = file.storyboard; name = Base; path = Base.lproj/LaunchScreen.storyboard; sourceTree = "<group>"; };
		EBF52D2E2A1DDB04000C0CFD /* Info.plist */ = {isa = PBXFileReference; lastKnownFileType = text.plist.xml; path = Info.plist; sourceTree = "<group>"; };
		EBF52D332A1DDB04000C0CFD /* LoginAppTests.xctest */ = {isa = PBXFileReference; explicitFileType = wrapper.cfbundle; includeInIndex = 0; path = LoginAppTests.xctest; sourceTree = BUILT_PRODUCTS_DIR; };
		EBF52D372A1DDB04000C0CFD /* LoginAppTests.swift */ = {isa = PBXFileReference; lastKnownFileType = sourcecode.swift; path = LoginAppTests.swift; sourceTree = "<group>"; };
		EBF52D3D2A1DDB04000C0CFD /* LoginAppUITests.xctest */ = {isa = PBXFileReference; explicitFileType = wrapper.cfbundle; includeInIndex = 0; path = LoginAppUITests.xctest; sourceTree = BUILT_PRODUCTS_DIR; };
		EBF52D412A1DDB04000C0CFD /* LoginAppUITests.swift */ = {isa = PBXFileReference; lastKnownFileType = sourcecode.swift; path = LoginAppUITests.swift; sourceTree = "<group>"; };
		EBF52D432A1DDB04000C0CFD /* LoginAppUITestsLaunchTests.swift */ = {isa = PBXFileReference; lastKnownFileType = sourcecode.swift; path = LoginAppUITestsLaunchTests.swift; sourceTree = "<group>"; };
/* End PBXFileReference section */

/* Begin PBXFrameworksBuildPhase section */
		EBF52D1A2A1DDB03000C0CFD /* Frameworks */ = {
			isa = PBXFrameworksBuildPhase;
			buildActionMask = 2147483647;
			files = (
			);
			runOnlyForDeploymentPostprocessing = 0;
		};
		EBF52D302A1DDB04000C0CFD /* Frameworks */ = {
			isa = PBXFrameworksBuildPhase;
			buildActionMask = 2147483647;
			files = (
			);
			runOnlyForDeploymentPostprocessing = 0;
		};
		EBF52D3A2A1DDB04000C0CFD /* Frameworks */ = {
			isa = PBXFrameworksBuildPhase;
			buildActionMask = 2147483647;
			files = (
			);
			runOnlyForDeploymentPostprocessing = 0;
		};
/* End PBXFrameworksBuildPhase section */

/* Begin PBXGroup section */
		EBF52D142A1DDB03000C0CFD = {
			isa = PBXGroup;
			children = (
				EBF52D1F2A1DDB03000C0CFD /* LoginApp */,
				EBF52D362A1DDB04000C0CFD /* LoginAppTests */,
				EBF52D402A1DDB04000C0CFD /* LoginAppUITests */,
				EBF52D1E2A1DDB03000C0CFD /* Products */,
			);
			sourceTree = "<group>";
		};
		EBF52D1E2A1DDB03000C0CFD /* Products */ = {
			isa = PBXGroup;
			children = (
				EBF52D1D2A1DDB03000C0CFD /* LoginApp.app */,
				EBF52D332A1DDB04000C0CFD /* LoginAppTests.xctest */,
				EBF52D3D2A1DDB04000C0CFD /* LoginAppUITests.xctest */,
			);
			name = Products;
			sourceTree = "<group>";
		};
		EBF52D1F2A1DDB03000C0CFD /* LoginApp */ = {
			isa = PBXGroup;
			children = (
				EBF52D202A1DDB03000C0CFD /* AppDelegate.swift */,
				EBF52D222A1DDB03000C0CFD /* SceneDelegate.swift */,
				EBF52D242A1DDB03000C0CFD /* ViewController.swift */,
				EBF52D262A1DDB03000C0CFD /* Main.storyboard */,
				EBF52D292A1DDB04000C0CFD /* Assets.xcassets */,
				EBF52D2B2A1DDB04000C0CFD /* LaunchScreen.storyboard */,
				EBF52D2E2A1DDB04000C0CFD /* Info.plist */,
			);
			path = LoginApp;
			sourceTree = "<group>";
		};
		EBF52D362A1DDB04000C0CFD /* LoginAppTests */ = {
			isa = PBXGroup;
			children = (
				EBF52D372A1DDB04000C0CFD /* LoginAppTests.swift */,
			);
			path = LoginAppTests;
			sourceTree = "<group>";
		};
		EBF52D402A1DDB04000C0CFD /* LoginAppUITests */ = {
			isa = PBXGroup;
			children = (
				EBF52D412A1DDB04000C0CFD /* LoginAppUITests.swift */,
				EBF52D432A1DDB04000C0CFD /* LoginAppUITestsLaunchTests.swift */,
			);
			path = LoginAppUITests;
			sourceTree = "<group>";
		};
/* End PBXGroup section */

/* Begin PBXNativeTarget section */
		EBF52D1C2A1DDB03000C0CFD /* LoginApp */ = {
			isa = PBXNativeTarget;
			buildConfigurationList = EBF52D472A1DDB04000C0CFD /* Build configuration list for PBXNativeTarget "LoginApp" */;
			buildPhases = (
				EBF52D192A1DDB03000C0CFD /* Sources */,
				EBF52D1A2A1DDB03000C0CFD /* Frameworks */,
				EBF52D1B2A1DDB03000C0CFD /* Resources */,
			);
			buildRules = (
			);
			dependencies = (
			);
			name = LoginApp;
			productName = LoginApp;
			productReference = EBF52D1D2A1DDB03000C0CFD /* LoginApp.app */;
			productType = "com.apple.product-type.application";
		};
		EBF52D322A1DDB04000C0CFD /* LoginAppTests */ = {
			isa = PBXNativeTarget;
			buildConfigurationList = EBF52D4A2A1DDB04000C0CFD /* Build configuration list for PBXNativeTarget "LoginAppTests" */;
			buildPhases = (
				EBF52D2F2A1DDB04000C0CFD /* Sources */,
				EBF52D302A1DDB04000C0CFD /* Frameworks */,
				EBF52D312A1DDB04000C0CFD /* Resources */,
			);
			buildRules = (
			);
			dependencies = (
				EBF52D352A1DDB04000C0CFD /* PBXTargetDependency */,
			);
			name = LoginAppTests;
			productName = LoginAppTests;
			productReference = EBF52D332A1DDB04000C0CFD /* LoginAppTests.xctest */;
			productType = "com.apple.product-type.bundle.unit-test";
		};
		EBF52D3C2A1DDB04000C0CFD /* LoginAppUITests */ = {
			isa = PBXNativeTarget;
			buildConfigurationList = EBF52D4D2A1DDB04000C0CFD /* Build configuration list for PBXNativeTarget "LoginAppUITests" */;
			buildPhases = (
				EBF52D392A1DDB04000C0CFD /* Sources */,
				EBF52D3A2A1DDB04000C0CFD /* Frameworks */,
				EBF52D3B2A1DDB04000C0CFD /* Resources */,
			);
			buildRules = (
			);
			dependencies = (
				EBF52D3F2A1DDB04000C0CFD /* PBXTargetDependency */,
			);
			name = LoginAppUITests;
			productName = LoginAppUITests;
			productReference = EBF52D3D2A1DDB04000C0CFD /* LoginAppUITests.xctest */;
			productType = "com.apple.product-type.bundle.ui-testing";
		};
/* End PBXNativeTarget section */

/* Begin PBXProject section */
		EBF52D152A1DDB03000C0CFD /* Project object */ = {
			isa = PBXProject;
			attributes = {
				BuildIndependentTargetsInParallel = 1;
				LastSwiftUpdateCheck = 1430;
				LastUpgradeCheck = 1430;
				TargetAttributes = {
					EBF52D1C2A1DDB03000C0CFD = {
						CreatedOnToolsVersion = 14.3;
					};
					EBF52D322A1DDB04000C0CFD = {
						CreatedOnToolsVersion = 14.3;
						TestTargetID = EBF52D1C2A1DDB03000C0CFD;
					};
					EBF52D3C2A1DDB04000C0CFD = {
						CreatedOnToolsVersion = 14.3;
						TestTargetID = EBF52D1C2A1DDB03000C0CFD;
					};
				};
			};
			buildConfigurationList = EBF52D182A1DDB03000C0CFD /* Build configuration list for PBXProject "LoginApp" */;
			compatibilityVersion = "Xcode 14.0";
			developmentRegion = en;
			hasScannedForEncodings = 0;
			knownRegions = (
				en,
				Base,
			);
			mainGroup = EBF52D142A1DDB03000C0CFD;
			productRefGroup = EBF52D1E2A1DDB03000C0CFD /* Products */;
			projectDirPath = "";
			projectRoot = "";
			targets = (
				EBF52D1C2A1DDB03000C0CFD /* LoginApp */,
				EBF52D322A1DDB04000C0CFD /* LoginAppTests */,
				EBF52D3C2A1DDB04000C0CFD /* LoginAppUITests */,
			);
		};
/* End PBXProject section */

/* Begin PBXResourcesBuildPhase section */
		EBF52D1B2A1DDB03000C0CFD /* Resources */ = {
			isa = PBXResourcesBuildPhase;
			buildActionMask = 2147483647;
			files = (
				EBF52D2D2A1DDB04000C0CFD /* LaunchScreen.storyboard in Resources */,
				EBF52D2A2A1DDB04000C0CFD /* Assets.xcassets in Resources */,
				EBF52D282A1DDB03000C0CFD /* Main.storyboard in Resources */,
			);
			runOnlyForDeploymentPostprocessing = 0;
		};
		EBF52D312A1DDB04000C0CFD /* Resources */ = {
			isa = PBXResourcesBuildPhase;
			buildActionMask = 2147483647;
			files = (
			);
			runOnlyForDeploymentPostprocessing = 0;
		};
		EBF52D3B2A1DDB04000C0CFD /* Resources */ = {
			isa = PBXResourcesBuildPhase;
			buildActionMask = 2147483647;
			files = (
			);
			runOnlyForDeploymentPostprocessing = 0;
		};
/* End PBXResourcesBuildPhase section */

/* Begin PBXSourcesBuildPhase section */
		EBF52D192A1DDB03000C0CFD /* Sources */ = {
			isa = PBXSourcesBuildPhase;
			buildActionMask = 2147483647;
			files = (
				EBF52D252A1DDB03000C0CFD /* ViewController.swift in Sources */,
				EBF52D212A1DDB03000C0CFD /* AppDelegate.swift in Sources */,
				EBF52D232A1DDB03000C0CFD /* SceneDelegate.swift in Sources */,
			);
			runOnlyForDeploymentPostprocessing = 0;
		};
		EBF52D2F2A1DDB04000C0CFD /* Sources */ = {
			isa = PBXSourcesBuildPhase;
			buildActionMask = 2147483647;
			files = (
				EBF52D382A1DDB04000C0CFD /* LoginAppTests.swift in Sources */,
			);
			runOnlyForDeploymentPostprocessing = 0;
		};
		EBF52D392A1DDB04000C0CFD /* Sources */ = {
			isa = PBXSourcesBuildPhase;
			buildActionMask = 2147483647;
			files = (
				EBF52D442A1DDB04000C0CFD /* LoginAppUITestsLaunchTests.swift in Sources */,
				EBF52D422A1DDB04000C0CFD /* LoginAppUITests.swift in Sources */,
			);
			runOnlyForDeploymentPostprocessing = 0;
		};
/* End PBXSourcesBuildPhase section */

/* Begin PBXTargetDependency section */
		EBF52D352A1DDB04000C0CFD /* PBXTargetDependency */ = {
			isa = PBXTargetDependency;
			target = EBF52D1C2A1DDB03000C0CFD /* LoginApp */;
			targetProxy = EBF52D342A1DDB04000C0CFD /* PBXContainerItemProxy */;
		};
		EBF52D3F2A1DDB04000C0CFD /* PBXTargetDependency */ = {
			isa = PBXTargetDependency;
			target = EBF52D1C2A1DDB03000C0CFD /* LoginApp */;
			targetProxy = EBF52D3E2A1DDB04000C0CFD /* PBXContainerItemProxy */;
		};
/* End PBXTargetDependency section */

/* Begin PBXVariantGroup section */
		EBF52D262A1DDB03000C0CFD /* Main.storyboard */ = {
			isa = PBXVariantGroup;
			children = (
				EBF52D272A1DDB03000C0CFD /* Base */,
			);
			name = Main.storyboard;
			sourceTree = "<group>";
		};
		EBF52D2B2A1DDB04000C0CFD /* LaunchScreen.storyboard */ = {
			isa = PBXVariantGroup;
			children = (
				EBF52D2C2A1DDB04000C0CFD /* Base */,
			);
			name = LaunchScreen.storyboard;
			sourceTree = "<group>";
		};
/* End PBXVariantGroup section */

/* Begin XCBuildConfiguration section */
		EBF52D452A1DDB04000C0CFD /* Debug */ = {
			isa = XCBuildConfiguration;
			buildSettings = {
				ALWAYS_SEARCH_USER_PATHS = NO;
				CLANG_ANALYZER_NONNULL = YES;
				CLANG_ANALYZER_NUMBER_OBJECT_CONVERSION = YES_AGGRESSIVE;
				CLANG_CXX_LANGUAGE_STANDARD = "gnu++20";
				CLANG_ENABLE_MODULES = YES;
				CLANG_ENABLE_OBJC_ARC = YES;
				CLANG_ENABLE_OBJC_WEAK = YES;
				CLANG_WARN_BLOCK_CAPTURE_AUTORELEASING = YES;
				CLANG_WARN_BOOL_CONVERSION = YES;
				CLANG_WARN_COMMA = YES;
				CLANG_WARN_CONSTANT_CONVERSION = YES;
				CLANG_WARN_DEPRECATED_OBJC_IMPLEMENTATIONS = YES;
				CLANG_WARN_DIRECT_OBJC_ISA_USAGE = YES_ERROR;
				CLANG_WARN_DOCUMENTATION_COMMENTS = YES;
				CLANG_WARN_EMPTY_BODY = YES;
				CLANG_WARN_ENUM_CONVERSION = YES;
				CLANG_WARN_INFINITE_RECURSION = YES;
				CLANG_WARN_INT_CONVERSION = YES;
				CLANG_WARN_NON_LITERAL_NULL_CONVERSION = YES;
				CLANG_WARN_OBJC_IMPLICIT_RETAIN_SELF = YES;
				CLANG_WARN_OBJC_LITERAL_CONVERSION = YES;
				CLANG_WARN_OBJC_ROOT_CLASS = YES_ERROR;
				CLANG_WARN_QUOTED_INCLUDE_IN_FRAMEWORK_HEADER = YES;
				CLANG_WARN_RANGE_LOOP_ANALYSIS = YES;
				CLANG_WARN_STRICT_PROTOTYPES = YES;
				CLANG_WARN_SUSPICIOUS_MOVE = YES;
				CLANG_WARN_UNGUARDED_AVAILABILITY = YES_AGGRESSIVE;
				CLANG_WARN_UNREACHABLE_CODE = YES;
				CLANG_WARN__DUPLICATE_METHOD_MATCH = YES;
				COPY_PHASE_STRIP = NO;
				DEBUG_INFORMATION_FORMAT = dwarf;
				ENABLE_STRICT_OBJC_MSGSEND = YES;
				ENABLE_TESTABILITY = YES;
				GCC_C_LANGUAGE_STANDARD = gnu11;
				GCC_DYNAMIC_NO_PIC = NO;
				GCC_NO_COMMON_BLOCKS = YES;
				GCC_OPTIMIZATION_LEVEL = 0;
				GCC_PREPROCESSOR_DEFINITIONS = (
					"DEBUG=1",
					"$(inherited)",
				);
				GCC_WARN_64_TO_32_BIT_CONVERSION = YES;
				GCC_WARN_ABOUT_RETURN_TYPE = YES_ERROR;
				GCC_WARN_UNDECLARED_SELECTOR = YES;
				GCC_WARN_UNINITIALIZED_AUTOS = YES_AGGRESSIVE;
				GCC_WARN_UNUSED_FUNCTION = YES;
				GCC_WARN_UNUSED_VARIABLE = YES;
				IPHONEOS_DEPLOYMENT_TARGET = 16.4;
				MTL_ENABLE_DEBUG_INFO = INCLUDE_SOURCE;
				MTL_FAST_MATH = YES;
				ONLY_ACTIVE_ARCH = YES;
				SDKROOT = iphoneos;
				SWIFT_ACTIVE_COMPILATION_CONDITIONS = DEBUG;
				SWIFT_OPTIMIZATION_LEVEL = "-Onone";
			};
			name = Debug;
		};
		EBF52D462A1DDB04000C0CFD /* Release */ = {
			isa = XCBuildConfiguration;
			buildSettings = {
				ALWAYS_SEARCH_USER_PATHS = NO;
				CLANG_ANALYZER_NONNULL = YES;
				CLANG_ANALYZER_NUMBER_OBJECT_CONVERSION = YES_AGGRESSIVE;
				CLANG_CXX_LANGUAGE_STANDARD = "gnu++20";
				CLANG_ENABLE_MODULES = YES;
				CLANG_ENABLE_OBJC_ARC = YES;
				CLANG_ENABLE_OBJC_WEAK = YES;
				CLANG_WARN_BLOCK_CAPTURE_AUTORELEASING = YES;
				CLANG_WARN_BOOL_CONVERSION = YES;
				CLANG_WARN_COMMA = YES;
				CLANG_WARN_CONSTANT_CONVERSION = YES;
				CLANG_WARN_DEPRECATED_OBJC_IMPLEMENTATIONS = YES;
				CLANG_WARN_DIRECT_OBJC_ISA_USAGE = YES_ERROR;
				CLANG_WARN_DOCUMENTATION_COMMENTS = YES;
				CLANG_WARN_EMPTY_BODY = YES;
				CLANG_WARN_ENUM_CONVERSION = YES;
				CLANG_WARN_INFINITE_RECURSION = YES;
				CLANG_WARN_INT_CONVERSION = YES;
				CLANG_WARN_NON_LITERAL_NULL_CONVERSION = YES;
				CLANG_WARN_OBJC_IMPLICIT_RETAIN_SELF = YES;
				CLANG_WARN_OBJC_LITERAL_CONVERSION = YES;
				CLANG_WARN_OBJC_ROOT_CLASS = YES_ERROR;
				CLANG_WARN_QUOTED_INCLUDE_IN_FRAMEWORK_HEADER = YES;
				CLANG_WARN_RANGE_LOOP_ANALYSIS = YES;
				CLANG_WARN_STRICT_PROTOTYPES = YES;
				CLANG_WARN_SUSPICIOUS_MOVE = YES;
				CLANG_WARN_UNGUARDED_AVAILABILITY = YES_AGGRESSIVE;
				CLANG_WARN_UNREACHABLE_CODE = YES;
				CLANG_WARN__DUPLICATE_METHOD_MATCH = YES;
				COPY_PHASE_STRIP = NO;
				DEBUG_INFORMATION_FORMAT = "dwarf-with-dsym";
				ENABLE_NS_ASSERTIONS = NO;
				ENABLE_STRICT_OBJC_MSGSEND = YES;
				GCC_C_LANGUAGE_STANDARD = gnu11;
				GCC_NO_COMMON_BLOCKS = YES;
				GCC_WARN_64_TO_32_BIT_CONVERSION = YES;
				GCC_WARN_ABOUT_RETURN_TYPE = YES_ERROR;
				GCC_WARN_UNDECLARED_SELECTOR = YES;
				GCC_WARN_UNINITIALIZED_AUTOS = YES_AGGRESSIVE;
				GCC_WARN_UNUSED_FUNCTION = YES;
				GCC_WARN_UNUSED_VARIABLE = YES;
				IPHONEOS_DEPLOYMENT_TARGET = 16.4;
				MTL_ENABLE_DEBUG_INFO = NO;
				MTL_FAST_MATH = YES;
				SDKROOT = iphoneos;
				SWIFT_COMPILATION_MODE = wholemodule;
				SWIFT_OPTIMIZATION_LEVEL = "-O";
				VALIDATE_PRODUCT = YES;
			};
			name = Release;
		};
		EBF52D482A1DDB04000C0CFD /* Debug */ = {
			isa = XCBuildConfiguration;
			buildSettings = {
				ASSETCATALOG_COMPILER_APPICON_NAME = AppIcon;
				ASSETCATALOG_COMPILER_GLOBAL_ACCENT_COLOR_NAME = AccentColor;
				CODE_SIGN_STYLE = Automatic;
				CURRENT_PROJECT_VERSION = 1;
				GENERATE_INFOPLIST_FILE = YES;
				INFOPLIST_FILE = LoginApp/Info.plist;
				INFOPLIST_KEY_UIApplicationSupportsIndirectInputEvents = YES;
				INFOPLIST_KEY_UILaunchStoryboardName = LaunchScreen;
				INFOPLIST_KEY_UIMainStoryboardFile = Main;
				INFOPLIST_KEY_UISupportedInterfaceOrientations_iPad = "UIInterfaceOrientationPortrait UIInterfaceOrientationPortraitUpsideDown UIInterfaceOrientationLandscapeLeft UIInterfaceOrientationLandscapeRight";
				INFOPLIST_KEY_UISupportedInterfaceOrientations_iPhone = "UIInterfaceOrientationPortrait UIInterfaceOrientationLandscapeLeft UIInterfaceOrientationLandscapeRight";
				LD_RUNPATH_SEARCH_PATHS = (
					"$(inherited)",
					"@executable_path/Frameworks",
				);
				MARKETING_VERSION = 1.0;
				PRODUCT_BUNDLE_IDENTIFIER = com.nomadacode.LoginApp;
				PRODUCT_NAME = "$(TARGET_NAME)";
				SWIFT_EMIT_LOC_STRINGS = YES;
				SWIFT_VERSION = 5.0;
				TARGETED_DEVICE_FAMILY = "1,2";
			};
			name = Debug;
		};
		EBF52D492A1DDB04000C0CFD /* Release */ = {
			isa = XCBuildConfiguration;
			buildSettings = {
				ASSETCATALOG_COMPILER_APPICON_NAME = AppIcon;
				ASSETCATALOG_COMPILER_GLOBAL_ACCENT_COLOR_NAME = AccentColor;
				CODE_SIGN_STYLE = Automatic;
				CURRENT_PROJECT_VERSION = 1;
				GENERATE_INFOPLIST_FILE = YES;
				INFOPLIST_FILE = LoginApp/Info.plist;
				INFOPLIST_KEY_UIApplicationSupportsIndirectInputEvents = YES;
				INFOPLIST_KEY_UILaunchStoryboardName = LaunchScreen;
				INFOPLIST_KEY_UIMainStoryboardFile = Main;
				INFOPLIST_KEY_UISupportedInterfaceOrientations_iPad = "UIInterfaceOrientationPortrait UIInterfaceOrientationPortraitUpsideDown UIInterfaceOrientationLandscapeLeft UIInterfaceOrientationLandscapeRight";
				INFOPLIST_KEY_UISupportedInterfaceOrientations_iPhone = "UIInterfaceOrientationPortrait UIInterfaceOrientationLandscapeLeft UIInterfaceOrientationLandscapeRight";
				LD_RUNPATH_SEARCH_PATHS = (
					"$(inherited)",
					"@executable_path/Frameworks",
				);
				MARKETING_VERSION = 1.0;
				PRODUCT_BUNDLE_IDENTIFIER = com.nomadacode.LoginApp;
				PRODUCT_NAME = "$(TARGET_NAME)";
				SWIFT_EMIT_LOC_STRINGS = YES;
				SWIFT_VERSION = 5.0;
				TARGETED_DEVICE_FAMILY = "1,2";
			};
			name = Release;
		};
		EBF52D4B2A1DDB04000C0CFD /* Debug */ = {
			isa = XCBuildConfiguration;
			buildSettings = {
				ALWAYS_EMBED_SWIFT_STANDARD_LIBRARIES = YES;
				BUNDLE_LOADER = "$(TEST_HOST)";
				CODE_SIGN_STYLE = Automatic;
				CURRENT_PROJECT_VERSION = 1;
				GENERATE_INFOPLIST_FILE = YES;
				IPHONEOS_DEPLOYMENT_TARGET = 16.4;
				MARKETING_VERSION = 1.0;
				PRODUCT_BUNDLE_IDENTIFIER = com.nomadacode.LoginAppTests;
				PRODUCT_NAME = "$(TARGET_NAME)";
				SWIFT_EMIT_LOC_STRINGS = NO;
				SWIFT_VERSION = 5.0;
				TARGETED_DEVICE_FAMILY = "1,2";
				TEST_HOST = "$(BUILT_PRODUCTS_DIR)/LoginApp.app/$(BUNDLE_EXECUTABLE_FOLDER_PATH)/LoginApp";
			};
			name = Debug;
		};
		EBF52D4C2A1DDB04000C0CFD /* Release */ = {
			isa = XCBuildConfiguration;
			buildSettings = {
				ALWAYS_EMBED_SWIFT_STANDARD_LIBRARIES = YES;
				BUNDLE_LOADER = "$(TEST_HOST)";
				CODE_SIGN_STYLE = Automatic;
				CURRENT_PROJECT_VERSION = 1;
				GENERATE_INFOPLIST_FILE = YES;
				IPHONEOS_DEPLOYMENT_TARGET = 16.4;
				MARKETING_VERSION = 1.0;
				PRODUCT_BUNDLE_IDENTIFIER = com.nomadacode.LoginAppTests;
				PRODUCT_NAME = "$(TARGET_NAME)";
				SWIFT_EMIT_LOC_STRINGS = NO;
				SWIFT_VERSION = 5.0;
				TARGETED_DEVICE_FAMILY = "1,2";
				TEST_HOST = "$(BUILT_PRODUCTS_DIR)/LoginApp.app/$(BUNDLE_EXECUTABLE_FOLDER_PATH)/LoginApp";
			};
			name = Release;
		};
		EBF52D4E2A1DDB04000C0CFD /* Debug */ = {
			isa = XCBuildConfiguration;
			buildSettings = {
				ALWAYS_EMBED_SWIFT_STANDARD_LIBRARIES = YES;
				CODE_SIGN_STYLE = Automatic;
				CURRENT_PROJECT_VERSION = 1;
				GENERATE_INFOPLIST_FILE = YES;
				MARKETING_VERSION = 1.0;
				PRODUCT_BUNDLE_IDENTIFIER = com.nomadacode.LoginAppUITests;
				PRODUCT_NAME = "$(TARGET_NAME)";
				SWIFT_EMIT_LOC_STRINGS = NO;
				SWIFT_VERSION = 5.0;
				TARGETED_DEVICE_FAMILY = "1,2";
				TEST_TARGET_NAME = LoginApp;
			};
			name = Debug;
		};
		EBF52D4F2A1DDB04000C0CFD /* Release */ = {
			isa = XCBuildConfiguration;
			buildSettings = {
				ALWAYS_EMBED_SWIFT_STANDARD_LIBRARIES = YES;
				CODE_SIGN_STYLE = Automatic;
				CURRENT_PROJECT_VERSION = 1;
				GENERATE_INFOPLIST_FILE = YES;
				MARKETING_VERSION = 1.0;
				PRODUCT_BUNDLE_IDENTIFIER = com.nomadacode.LoginAppUITests;
				PRODUCT_NAME = "$(TARGET_NAME)";
				SWIFT_EMIT_LOC_STRINGS = NO;
				SWIFT_VERSION = 5.0;
				TARGETED_DEVICE_FAMILY = "1,2";
				TEST_TARGET_NAME = LoginApp;
			};
			name = Release;
		};
/* End XCBuildConfiguration section */

/* Begin XCConfigurationList section */
		EBF52D182A1DDB03000C0CFD /* Build configuration list for PBXProject "LoginApp" */ = {
			isa = XCConfigurationList;
			buildConfigurations = (
				EBF52D452A1DDB04000C0CFD /* Debug */,
				EBF52D462A1DDB04000C0CFD /* Release */,
			);
			defaultConfigurationIsVisible = 0;
			defaultConfigurationName = Release;
		};
		EBF52D472A1DDB04000C0CFD /* Build configuration list for PBXNativeTarget "LoginApp" */ = {
			isa = XCConfigurationList;
			buildConfigurations = (
				EBF52D482A1DDB04000C0CFD /* Debug */,
				EBF52D492A1DDB04000C0CFD /* Release */,
			);
			defaultConfigurationIsVisible = 0;
			defaultConfigurationName = Release;
		};
		EBF52D4A2A1DDB04000C0CFD /* Build configuration list for PBXNativeTarget "LoginAppTests" */ = {
			isa = XCConfigurationList;
			buildConfigurations = (
				EBF52D4B2A1DDB04000C0CFD /* Debug */,
				EBF52D4C2A1DDB04000C0CFD /* Release */,
			);
			defaultConfigurationIsVisible = 0;
			defaultConfigurationName = Release;
		};
		EBF52D4D2A1DDB04000C0CFD /* Build configuration list for PBXNativeTarget "LoginAppUITests" */ = {
			isa = XCConfigurationList;
			buildConfigurations = (
				EBF52D4E2A1DDB04000C0CFD /* Debug */,
				EBF52D4F2A1DDB04000C0CFD /* Release */,
			);
			defaultConfigurationIsVisible = 0;
			defaultConfigurationName = Release;
		};
/* End XCConfigurationList section */
	};
	rootObject = EBF52D152A1DDB03000C0CFD /* Project object */;
}
